
Microsoft Visual Studio Solution File, Format Version 12.00
# Visual Studio 14
VisualStudioVersion = 14.0.24720.0
MinimumVisualStudioVersion = 10.0.40219.1
Project("{FAE04EC0-301F-11D3-BF4B-00C04F79EFBC}") = "T1", "Demo\T1.csproj", "{A1786E26-E253-4561-93BE-FD107913A2A6}"
EndProject
Project("{FAE04EC0-301F-11D3-BF4B-00C04F79EFBC}") = "T2", "T2\T2.csproj", "{DEFBA32D-9FBA-445D-825E-E6FA0744D53B}"
EndProject
Global
	GlobalSection(SolutionConfigurationPlatforms) = preSolution
		Debug|Any CPU = Debug|Any CPU
		Release|Any CPU = Release|Any CPU
	EndGlobalSection
	GlobalSection(ProjectConfigurationPlatforms) = postSolution
		{A1786E26-E253-4561-93BE-FD107913A2A6}.Debug|Any CPU.ActiveCfg = Debug|Any CPU
		{A1786E26-E253-4561-93BE-FD107913A2A6}.Debug|Any CPU.Build.0 = Debug|Any CPU
		{A1786E26-E253-4561-93BE-FD107913A2A6}.Release|Any CPU.ActiveCfg = Release|Any CPU
		{A1786E26-E253-4561-93BE-FD107913A2A6}.Release|Any CPU.Build.0 = Release|Any CPU
		{DEFBA32D-9FBA-445D-825E-E6FA0744D53B}.Debug|Any CPU.ActiveCfg = Debug|Any CPU
		{DEFBA32D-9FBA-445D-825E-E6FA0744D53B}.Debug|Any CPU.Build.0 = Debug|Any CPU
		{DEFBA32D-9FBA-445D-825E-E6FA0744D53B}.Release|Any CPU.ActiveCfg = Release|Any CPU
		{DEFBA32D-9FBA-445D-825E-E6FA0744D53B}.Release|Any CPU.Build.0 = Release|Any CPU
	EndGlobalSection
	GlobalSection(SolutionProperties) = preSolution
		HideSolutionNode = FALSE
	EndGlobalSection
EndGlobal
